{
  "name": "inchscale",
  "version": "1.0.0",
  "lockfileVersion": 3,
  "requires": true,
  "packages": {
    "": {
      "name": "inchscale",
      "version": "1.0.0",
      "license": "ISC",
      "workspaces": [
        "packages/core",
        "packages/network",
        "packages/vm",
        "packages/consensus",
        "packages/contracts",
        "packages/validator",
        "packages/sequencers"
      ]
    },
    "node_modules/consensus": {
      "resolved": "packages/consensus",
      "link": true
    },
    "node_modules/contracts": {
      "resolved": "packages/contracts",
      "link": true
    },
    "node_modules/core": {
      "resolved": "packages/core",
      "link": true
    },
    "node_modules/network": {
      "resolved": "packages/network",
      "link": true
    },
    "node_modules/sequencers": {
      "resolved": "packages/sequencers",
      "link": true
    },
    "node_modules/validator": {
      "resolved": "packages/validator",
      "link": true
    },
    "node_modules/vm": {
      "resolved": "packages/vm",
      "link": true
    },
    "packages/consensus": {
      "version": "1.0.0",
      "license": "ISC",
      "devDependencies": {}
    },
    "packages/contracts": {
      "version": "1.0.0",
      "license": "ISC",
      "devDependencies": {}
    },
    "packages/core": {
      "version": "1.0.0",
      "license": "ISC"
    },
    "packages/network": {
      "version": "1.0.0",
      "license": "ISC",
      "devDependencies": {}
    },
    "packages/sequencers": {
      "version": "1.0.0",
      "license": "ISC",
      "devDependencies": {}
    },
    "packages/validator": {
      "version": "1.0.0",
      "license": "ISC",
      "devDependencies": {}
    },
    "packages/vm": {
      "version": "1.0.0",
      "license": "ISC",
      "devDependencies": {}
    }
  }
}
